// !$*UTF8*$!
{
	archiveVersion = 1;
	classes = {
	};
	objectVersion = 50;
	objects = {

/* Begin PBXBuildFile section */
		93694269240956CD00343419 /* AppDelegate.swift in Sources */ = {isa = PBXBuildFile; fileRef = 93694268240956CD00343419 /* AppDelegate.swift */; };
		9369426B240956CD00343419 /* ViewController.swift in Sources */ = {isa = PBXBuildFile; fileRef = 9369426A240956CD00343419 /* ViewController.swift */; };
		9369426E240956CD00343419 /* Main.storyboard in Resources */ = {isa = PBXBuildFile; fileRef = 9369426C240956CD00343419 /* Main.storyboard */; };
		93694271240956CD00343419 /* Nibm_Events.xcdatamodeld in Sources */ = {isa = PBXBuildFile; fileRef = 9369426F240956CD00343419 /* Nibm_Events.xcdatamodeld */; };
		93694273240956D000343419 /* Assets.xcassets in Resources */ = {isa = PBXBuildFile; fileRef = 93694272240956D000343419 /* Assets.xcassets */; };
		93694276240956D000343419 /* LaunchScreen.storyboard in Resources */ = {isa = PBXBuildFile; fileRef = 93694274240956D000343419 /* LaunchScreen.storyboard */; };
		93694281240956D000343419 /* Nibm_EventsTests.swift in Sources */ = {isa = PBXBuildFile; fileRef = 93694280240956D000343419 /* Nibm_EventsTests.swift */; };
		9369428C240956D000343419 /* Nibm_EventsUITests.swift in Sources */ = {isa = PBXBuildFile; fileRef = 9369428B240956D000343419 /* Nibm_EventsUITests.swift */; };
/* End PBXBuildFile section */

/* Begin PBXContainerItemProxy section */
		9369427D240956D000343419 /* PBXContainerItemProxy */ = {
			isa = PBXContainerItemProxy;
			containerPortal = 9369425D240956CD00343419 /* Project object */;
			proxyType = 1;
			remoteGlobalIDString = 93694264240956CD00343419;
			remoteInfo = "Nibm-Events";
		};
		93694288240956D000343419 /* PBXContainerItemProxy */ = {
			isa = PBXContainerItemProxy;
			containerPortal = 9369425D240956CD00343419 /* Project object */;
			proxyType = 1;
			remoteGlobalIDString = 93694264240956CD00343419;
			remoteInfo = "Nibm-Events";
		};
/* End PBXContainerItemProxy section */

/* Begin PBXFileReference section */
		93694265240956CD00343419 /* Nibm-Events.app */ = {isa = PBXFileReference; explicitFileType = wrapper.application; includeInIndex = 0; path = "Nibm-Events.app"; sourceTree = BUILT_PRODUCTS_DIR; };
		93694268240956CD00343419 /* AppDelegate.swift */ = {isa = PBXFileReference; lastKnownFileType = sourcecode.swift; path = AppDelegate.swift; sourceTree = "<group>"; };
		9369426A240956CD00343419 /* ViewController.swift */ = {isa = PBXFileReference; lastKnownFileType = sourcecode.swift; path = ViewController.swift; sourceTree = "<group>"; };
		9369426D240956CD00343419 /* Base */ = {isa = PBXFileReference; lastKnownFileType = file.storyboard; name = Base; path = Base.lproj/Main.storyboard; sourceTree = "<group>"; };
		93694270240956CD00343419 /* Nibm_Events.xcdatamodel */ = {isa = PBXFileReference; lastKnownFileType = wrapper.xcdatamodel; path = Nibm_Events.xcdatamodel; sourceTree = "<group>"; };
		93694272240956D000343419 /* Assets.xcassets */ = {isa = PBXFileReference; lastKnownFileType = folder.assetcatalog; path = Assets.xcassets; sourceTree = "<group>"; };
		93694275240956D000343419 /* Base */ = {isa = PBXFileReference; lastKnownFileType = file.storyboard; name = Base; path = Base.lproj/LaunchScreen.storyboard; sourceTree = "<group>"; };
		93694277240956D000343419 /* Info.plist */ = {isa = PBXFileReference; lastKnownFileType = text.plist.xml; path = Info.plist; sourceTree = "<group>"; };
		9369427C240956D000343419 /* Nibm-EventsTests.xctest */ = {isa = PBXFileReference; explicitFileType = wrapper.cfbundle; includeInIndex = 0; path = "Nibm-EventsTests.xctest"; sourceTree = BUILT_PRODUCTS_DIR; };
		93694280240956D000343419 /* Nibm_EventsTests.swift */ = {isa = PBXFileReference; lastKnownFileType = sourcecode.swift; path = Nibm_EventsTests.swift; sourceTree = "<group>"; };
		93694282240956D000343419 /* Info.plist */ = {isa = PBXFileReference; lastKnownFileType = text.plist.xml; path = Info.plist; sourceTree = "<group>"; };
		93694287240956D000343419 /* Nibm-EventsUITests.xctest */ = {isa = PBXFileReference; explicitFileType = wrapper.cfbundle; includeInIndex = 0; path = "Nibm-EventsUITests.xctest"; sourceTree = BUILT_PRODUCTS_DIR; };
		9369428B240956D000343419 /* Nibm_EventsUITests.swift */ = {isa = PBXFileReference; lastKnownFileType = sourcecode.swift; path = Nibm_EventsUITests.swift; sourceTree = "<group>"; };
		9369428D240956D000343419 /* Info.plist */ = {isa = PBXFileReference; lastKnownFileType = text.plist.xml; path = Info.plist; sourceTree = "<group>"; };
/* End PBXFileReference section */

/* Begin PBXFrameworksBuildPhase section */
		93694262240956CD00343419 /* Frameworks */ = {
			isa = PBXFrameworksBuildPhase;
			buildActionMask = 2147483647;
			files = (
			);
			runOnlyForDeploymentPostprocessing = 0;
		};
		93694279240956D000343419 /* Frameworks */ = {
			isa = PBXFrameworksBuildPhase;
			buildActionMask = 2147483647;
			files = (
			);
			runOnlyForDeploymentPostprocessing = 0;
		};
		93694284240956D000343419 /* Frameworks */ = {
			isa = PBXFrameworksBuildPhase;
			buildActionMask = 2147483647;
			files = (
			);
			runOnlyForDeploymentPostprocessing = 0;
		};
/* End PBXFrameworksBuildPhase section */

/* Begin PBXGroup section */
		9369425C240956CD00343419 = {
			isa = PBXGroup;
			children = (
				93694267240956CD00343419 /* Nibm-Events */,
				9369427F240956D000343419 /* Nibm-EventsTests */,
				9369428A240956D000343419 /* Nibm-EventsUITests */,
				93694266240956CD00343419 /* Products */,
			);
			sourceTree = "<group>";
		};
		93694266240956CD00343419 /* Products */ = {
			isa = PBXGroup;
			children = (
				93694265240956CD00343419 /* Nibm-Events.app */,
				9369427C240956D000343419 /* Nibm-EventsTests.xctest */,
				93694287240956D000343419 /* Nibm-EventsUITests.xctest */,
			);
			name = Products;
			sourceTree = "<group>";
		};
		93694267240956CD00343419 /* Nibm-Events */ = {
			isa = PBXGroup;
			children = (
				93694268240956CD00343419 /* AppDelegate.swift */,
				9369426A240956CD00343419 /* ViewController.swift */,
				9369426C240956CD00343419 /* Main.storyboard */,
				93694272240956D000343419 /* Assets.xcassets */,
				93694274240956D000343419 /* LaunchScreen.storyboard */,
				93694277240956D000343419 /* Info.plist */,
				9369426F240956CD00343419 /* Nibm_Events.xcdatamodeld */,
			);
			path = "Nibm-Events";
			sourceTree = "<group>";
		};
		9369427F240956D000343419 /* Nibm-EventsTests */ = {
			isa = PBXGroup;
			children = (
				93694280240956D000343419 /* Nibm_EventsTests.swift */,
				93694282240956D000343419 /* Info.plist */,
			);
			path = "Nibm-EventsTests";
			sourceTree = "<group>";
		};
		9369428A240956D000343419 /* Nibm-EventsUITests */ = {
			isa = PBXGroup;
			children = (
				9369428B240956D000343419 /* Nibm_EventsUITests.swift */,
				9369428D240956D000343419 /* Info.plist */,
			);
			path = "Nibm-EventsUITests";
			sourceTree = "<group>";
		};
/* End PBXGroup section */

/* Begin PBXNativeTarget section */
		93694264240956CD00343419 /* Nibm-Events */ = {
			isa = PBXNativeTarget;
			buildConfigurationList = 93694290240956D000343419 /* Build configuration list for PBXNativeTarget "Nibm-Events" */;
			buildPhases = (
				93694261240956CD00343419 /* Sources */,
				93694262240956CD00343419 /* Frameworks */,
				93694263240956CD00343419 /* Resources */,
			);
			buildRules = (
			);
			dependencies = (
			);
			name = "Nibm-Events";
			productName = "Nibm-Events";
			productReference = 93694265240956CD00343419 /* Nibm-Events.app */;
			productType = "com.apple.product-type.application";
		};
		9369427B240956D000343419 /* Nibm-EventsTests */ = {
			isa = PBXNativeTarget;
			buildConfigurationList = 93694293240956D000343419 /* Build configuration list for PBXNativeTarget "Nibm-EventsTests" */;
			buildPhases = (
				93694278240956D000343419 /* Sources */,
				93694279240956D000343419 /* Frameworks */,
				9369427A240956D000343419 /* Resources */,
			);
			buildRules = (
			);
			dependencies = (
				9369427E240956D000343419 /* PBXTargetDependency */,
			);
			name = "Nibm-EventsTests";
			productName = "Nibm-EventsTests";
			productReference = 9369427C240956D000343419 /* Nibm-EventsTests.xctest */;
			productType = "com.apple.product-type.bundle.unit-test";
		};
		93694286240956D000343419 /* Nibm-EventsUITests */ = {
			isa = PBXNativeTarget;
			buildConfigurationList = 93694296240956D000343419 /* Build configuration list for PBXNativeTarget "Nibm-EventsUITests" */;
			buildPhases = (
				93694283240956D000343419 /* Sources */,
				93694284240956D000343419 /* Frameworks */,
				93694285240956D000343419 /* Resources */,
			);
			buildRules = (
			);
			dependencies = (
				93694289240956D000343419 /* PBXTargetDependency */,
			);
			name = "Nibm-EventsUITests";
			productName = "Nibm-EventsUITests";
			productReference = 93694287240956D000343419 /* Nibm-EventsUITests.xctest */;
			productType = "com.apple.product-type.bundle.ui-testing";
		};
/* End PBXNativeTarget section */

/* Begin PBXProject section */
		9369425D240956CD00343419 /* Project object */ = {
			isa = PBXProject;
			attributes = {
				LastSwiftUpdateCheck = 1030;
				LastUpgradeCheck = 1030;
				ORGANIZATIONNAME = "Bryan Charles";
				TargetAttributes = {
					93694264240956CD00343419 = {
						CreatedOnToolsVersion = 10.3;
					};
					9369427B240956D000343419 = {
						CreatedOnToolsVersion = 10.3;
						TestTargetID = 93694264240956CD00343419;
					};
					93694286240956D000343419 = {
						CreatedOnToolsVersion = 10.3;
						TestTargetID = 93694264240956CD00343419;
					};
				};
			};
			buildConfigurationList = 93694260240956CD00343419 /* Build configuration list for PBXProject "Nibm-Events" */;
			compatibilityVersion = "Xcode 9.3";
			developmentRegion = en;
			hasScannedForEncodings = 0;
			knownRegions = (
				en,
				Base,
			);
			mainGroup = 9369425C240956CD00343419;
			productRefGroup = 93694266240956CD00343419 /* Products */;
			projectDirPath = "";
			projectRoot = "";
			targets = (
				93694264240956CD00343419 /* Nibm-Events */,
				9369427B240956D000343419 /* Nibm-EventsTests */,
				93694286240956D000343419 /* Nibm-EventsUITests */,
			);
		};
/* End PBXProject section */

/* Begin PBXResourcesBuildPhase section */
		93694263240956CD00343419 /* Resources */ = {
			isa = PBXResourcesBuildPhase;
			buildActionMask = 2147483647;
			files = (
				93694276240956D000343419 /* LaunchScreen.storyboard in Resources */,
				93694273240956D000343419 /* Assets.xcassets in Resources */,
				9369426E240956CD00343419 /* Main.storyboard in Resources */,
			);
			runOnlyForDeploymentPostprocessing = 0;
		};
		9369427A240956D000343419 /* Resources */ = {
			isa = PBXResourcesBuildPhase;
			buildActionMask = 2147483647;
			files = (
			);
			runOnlyForDeploymentPostprocessing = 0;
		};
		93694285240956D000343419 /* Resources */ = {
			isa = PBXResourcesBuildPhase;
			buildActionMask = 2147483647;
			files = (
			);
			runOnlyForDeploymentPostprocessing = 0;
		};
/* End PBXResourcesBuildPhase section */

/* Begin PBXSourcesBuildPhase section */
		93694261240956CD00343419 /* Sources */ = {
			isa = PBXSourcesBuildPhase;
			buildActionMask = 2147483647;
			files = (
				9369426B240956CD00343419 /* ViewController.swift in Sources */,
				93694269240956CD00343419 /* AppDelegate.swift in Sources */,
				93694271240956CD00343419 /* Nibm_Events.xcdatamodeld in Sources */,
			);
			runOnlyForDeploymentPostprocessing = 0;
		};
		93694278240956D000343419 /* Sources */ = {
			isa = PBXSourcesBuildPhase;
			buildActionMask = 2147483647;
			files = (
				93694281240956D000343419 /* Nibm_EventsTests.swift in Sources */,
			);
			runOnlyForDeploymentPostprocessing = 0;
		};
		93694283240956D000343419 /* Sources */ = {
			isa = PBXSourcesBuildPhase;
			buildActionMask = 2147483647;
			files = (
				9369428C240956D000343419 /* Nibm_EventsUITests.swift in Sources */,
			);
			runOnlyForDeploymentPostprocessing = 0;
		};
/* End PBXSourcesBuildPhase section */

/* Begin PBXTargetDependency section */
		9369427E240956D000343419 /* PBXTargetDependency */ = {
			isa = PBXTargetDependency;
			target = 93694264240956CD00343419 /* Nibm-Events */;
			targetProxy = 9369427D240956D000343419 /* PBXContainerItemProxy */;
		};
		93694289240956D000343419 /* PBXTargetDependency */ = {
			isa = PBXTargetDependency;
			target = 93694264240956CD00343419 /* Nibm-Events */;
			targetProxy = 93694288240956D000343419 /* PBXContainerItemProxy */;
		};
/* End PBXTargetDependency section */

/* Begin PBXVariantGroup section */
		9369426C240956CD00343419 /* Main.storyboard */ = {
			isa = PBXVariantGroup;
			children = (
				9369426D240956CD00343419 /* Base */,
			);
			name = Main.storyboard;
			sourceTree = "<group>";
		};
		93694274240956D000343419 /* LaunchScreen.storyboard */ = {
			isa = PBXVariantGroup;
			children = (
				93694275240956D000343419 /* Base */,
			);
			name = LaunchScreen.storyboard;
			sourceTree = "<group>";
		};
/* End PBXVariantGroup section */

/* Begin XCBuildConfiguration section */
		9369428E240956D000343419 /* Debug */ = {
			isa = XCBuildConfiguration;
			buildSettings = {
				ALWAYS_SEARCH_USER_PATHS = NO;
				CLANG_ANALYZER_NONNULL = YES;
				CLANG_ANALYZER_NUMBER_OBJECT_CONVERSION = YES_AGGRESSIVE;
				CLANG_CXX_LANGUAGE_STANDARD = "gnu++14";
				CLANG_CXX_LIBRARY = "libc++";
				CLANG_ENABLE_MODULES = YES;
				CLANG_ENABLE_OBJC_ARC = YES;
				CLANG_ENABLE_OBJC_WEAK = YES;
				CLANG_WARN_BLOCK_CAPTURE_AUTORELEASING = YES;
				CLANG_WARN_BOOL_CONVERSION = YES;
				CLANG_WARN_COMMA = YES;
				CLANG_WARN_CONSTANT_CONVERSION = YES;
				CLANG_WARN_DEPRECATED_OBJC_IMPLEMENTATIONS = YES;
				CLANG_WARN_DIRECT_OBJC_ISA_USAGE = YES_ERROR;
				CLANG_WARN_DOCUMENTATION_COMMENTS = YES;
				CLANG_WARN_EMPTY_BODY = YES;
				CLANG_WARN_ENUM_CONVERSION = YES;
				CLANG_WARN_INFINITE_RECURSION = YES;
				CLANG_WARN_INT_CONVERSION = YES;
				CLANG_WARN_NON_LITERAL_NULL_CONVERSION = YES;
				CLANG_WARN_OBJC_IMPLICIT_RETAIN_SELF = YES;
				CLANG_WARN_OBJC_LITERAL_CONVERSION = YES;
				CLANG_WARN_OBJC_ROOT_CLASS = YES_ERROR;
				CLANG_WARN_RANGE_LOOP_ANALYSIS = YES;
				CLANG_WARN_STRICT_PROTOTYPES = YES;
				CLANG_WARN_SUSPICIOUS_MOVE = YES;
				CLANG_WARN_UNGUARDED_AVAILABILITY = YES_AGGRESSIVE;
				CLANG_WARN_UNREACHABLE_CODE = YES;
				CLANG_WARN__DUPLICATE_METHOD_MATCH = YES;
				CODE_SIGN_IDENTITY = "iPhone Developer";
				COPY_PHASE_STRIP = NO;
				DEBUG_INFORMATION_FORMAT = dwarf;
				ENABLE_STRICT_OBJC_MSGSEND = YES;
				ENABLE_TESTABILITY = YES;
				GCC_C_LANGUAGE_STANDARD = gnu11;
				GCC_DYNAMIC_NO_PIC = NO;
				GCC_NO_COMMON_BLOCKS = YES;
				GCC_OPTIMIZATION_LEVEL = 0;
				GCC_PREPROCESSOR_DEFINITIONS = (
					"DEBUG=1",
					"$(inherited)",
				);
				GCC_WARN_64_TO_32_BIT_CONVERSION = YES;
				GCC_WARN_ABOUT_RETURN_TYPE = YES_ERROR;
				GCC_WARN_UNDECLARED_SELECTOR = YES;
				GCC_WARN_UNINITIALIZED_AUTOS = YES_AGGRESSIVE;
				GCC_WARN_UNUSED_FUNCTION = YES;
				GCC_WARN_UNUSED_VARIABLE = YES;
				IPHONEOS_DEPLOYMENT_TARGET = 12.4;
				MTL_ENABLE_DEBUG_INFO = INCLUDE_SOURCE;
				MTL_FAST_MATH = YES;
				ONLY_ACTIVE_ARCH = YES;
				SDKROOT = iphoneos;
				SWIFT_ACTIVE_COMPILATION_CONDITIONS = DEBUG;
				SWIFT_OPTIMIZATION_LEVEL = "-Onone";
			};
			name = Debug;
		};
		9369428F240956D000343419 /* Release */ = {
			isa = XCBuildConfiguration;
			buildSettings = {
				ALWAYS_SEARCH_USER_PATHS = NO;
				CLANG_ANALYZER_NONNULL = YES;
				CLANG_ANALYZER_NUMBER_OBJECT_CONVERSION = YES_AGGRESSIVE;
				CLANG_CXX_LANGUAGE_STANDARD = "gnu++14";
				CLANG_CXX_LIBRARY = "libc++";
				CLANG_ENABLE_MODULES = YES;
				CLANG_ENABLE_OBJC_ARC = YES;
				CLANG_ENABLE_OBJC_WEAK = YES;
				CLANG_WARN_BLOCK_CAPTURE_AUTORELEASING = YES;
				CLANG_WARN_BOOL_CONVERSION = YES;
				CLANG_WARN_COMMA = YES;
				CLANG_WARN_CONSTANT_CONVERSION = YES;
				CLANG_WARN_DEPRECATED_OBJC_IMPLEMENTATIONS = YES;
				CLANG_WARN_DIRECT_OBJC_ISA_USAGE = YES_ERROR;
				CLANG_WARN_DOCUMENTATION_COMMENTS = YES;
				CLANG_WARN_EMPTY_BODY = YES;
				CLANG_WARN_ENUM_CONVERSION = YES;
				CLANG_WARN_INFINITE_RECURSION = YES;
				CLANG_WARN_INT_CONVERSION = YES;
				CLANG_WARN_NON_LITERAL_NULL_CONVERSION = YES;
				CLANG_WARN_OBJC_IMPLICIT_RETAIN_SELF = YES;
				CLANG_WARN_OBJC_LITERAL_CONVERSION = YES;
				CLANG_WARN_OBJC_ROOT_CLASS = YES_ERROR;
				CLANG_WARN_RANGE_LOOP_ANALYSIS = YES;
				CLANG_WARN_STRICT_PROTOTYPES = YES;
				CLANG_WARN_SUSPICIOUS_MOVE = YES;
				CLANG_WARN_UNGUARDED_AVAILABILITY = YES_AGGRESSIVE;
				CLANG_WARN_UNREACHABLE_CODE = YES;
				CLANG_WARN__DUPLICATE_METHOD_MATCH = YES;
				CODE_SIGN_IDENTITY = "iPhone Developer";
				COPY_PHASE_STRIP = NO;
				DEBUG_INFORMATION_FORMAT = "dwarf-with-dsym";
				ENABLE_NS_ASSERTIONS = NO;
				ENABLE_STRICT_OBJC_MSGSEND = YES;
				GCC_C_LANGUAGE_STANDARD = gnu11;
				GCC_NO_COMMON_BLOCKS = YES;
				GCC_WARN_64_TO_32_BIT_CONVERSION = YES;
				GCC_WARN_ABOUT_RETURN_TYPE = YES_ERROR;
				GCC_WARN_UNDECLARED_SELECTOR = YES;
				GCC_WARN_UNINITIALIZED_AUTOS = YES_AGGRESSIVE;
				GCC_WARN_UNUSED_FUNCTION = YES;
				GCC_WARN_UNUSED_VARIABLE = YES;
				IPHONEOS_DEPLOYMENT_TARGET = 12.4;
				MTL_ENABLE_DEBUG_INFO = NO;
				MTL_FAST_MATH = YES;
				SDKROOT = iphoneos;
				SWIFT_COMPILATION_MODE = wholemodule;
				SWIFT_OPTIMIZATION_LEVEL = "-O";
				VALIDATE_PRODUCT = YES;
			};
			name = Release;
		};
		93694291240956D000343419 /* Debug */ = {
			isa = XCBuildConfiguration;
			buildSettings = {
				ASSETCATALOG_COMPILER_APPICON_NAME = AppIcon;
				CODE_SIGN_STYLE = Automatic;
				INFOPLIST_FILE = "Nibm-Events/Info.plist";
				LD_RUNPATH_SEARCH_PATHS = (
					"$(inherited)",
					"@executable_path/Frameworks",
				);
				PRODUCT_BUNDLE_IDENTIFIER = "br.Nibm-Events";
				PRODUCT_NAME = "$(TARGET_NAME)";
				SWIFT_VERSION = 5.0;
				TARGETED_DEVICE_FAMILY = "1,2";
			};
			name = Debug;
		};
		93694292240956D000343419 /* Release */ = {
			isa = XCBuildConfiguration;
			buildSettings = {
				ASSETCATALOG_COMPILER_APPICON_NAME = AppIcon;
				CODE_SIGN_STYLE = Automatic;
				INFOPLIST_FILE = "Nibm-Events/Info.plist";
				LD_RUNPATH_SEARCH_PATHS = (
					"$(inherited)",
					"@executable_path/Frameworks",
				);
				PRODUCT_BUNDLE_IDENTIFIER = "br.Nibm-Events";
				PRODUCT_NAME = "$(TARGET_NAME)";
				SWIFT_VERSION = 5.0;
				TARGETED_DEVICE_FAMILY = "1,2";
			};
			name = Release;
		};
		93694294240956D000343419 /* Debug */ = {
			isa = XCBuildConfiguration;
			buildSettings = {
				ALWAYS_EMBED_SWIFT_STANDARD_LIBRARIES = YES;
				BUNDLE_LOADER = "$(TEST_HOST)";
				CODE_SIGN_STYLE = Automatic;
				INFOPLIST_FILE = "Nibm-EventsTests/Info.plist";
				LD_RUNPATH_SEARCH_PATHS = (
					"$(inherited)",
					"@executable_path/Frameworks",
					"@loader_path/Frameworks",
				);
				PRODUCT_BUNDLE_IDENTIFIER = "br.Nibm-EventsTests";
				PRODUCT_NAME = "$(TARGET_NAME)";
				SWIFT_VERSION = 5.0;
				TARGETED_DEVICE_FAMILY = "1,2";
				TEST_HOST = "$(BUILT_PRODUCTS_DIR)/Nibm-Events.app/Nibm-Events";
			};
			name = Debug;
		};
		93694295240956D000343419 /* Release */ = {
			isa = XCBuildConfiguration;
			buildSettings = {
				ALWAYS_EMBED_SWIFT_STANDARD_LIBRARIES = YES;
				BUNDLE_LOADER = "$(TEST_HOST)";
				CODE_SIGN_STYLE = Automatic;
				INFOPLIST_FILE = "Nibm-EventsTests/Info.plist";
				LD_RUNPATH_SEARCH_PATHS = (
					"$(inherited)",
					"@executable_path/Frameworks",
					"@loader_path/Frameworks",
				);
				PRODUCT_BUNDLE_IDENTIFIER = "br.Nibm-EventsTests";
				PRODUCT_NAME = "$(TARGET_NAME)";
				SWIFT_VERSION = 5.0;
				TARGETED_DEVICE_FAMILY = "1,2";
				TEST_HOST = "$(BUILT_PRODUCTS_DIR)/Nibm-Events.app/Nibm-Events";
			};
			name = Release;
		};
		93694297240956D000343419 /* Debug */ = {
			isa = XCBuildConfiguration;
			buildSettings = {
				ALWAYS_EMBED_SWIFT_STANDARD_LIBRARIES = YES;
				CODE_SIGN_STYLE = Automatic;
				INFOPLIST_FILE = "Nibm-EventsUITests/Info.plist";
				LD_RUNPATH_SEARCH_PATHS = (
					"$(inherited)",
					"@executable_path/Frameworks",
					"@loader_path/Frameworks",
				);
				PRODUCT_BUNDLE_IDENTIFIER = "br.Nibm-EventsUITests";
				PRODUCT_NAME = "$(TARGET_NAME)";
				SWIFT_VERSION = 5.0;
				TARGETED_DEVICE_FAMILY = "1,2";
				TEST_TARGET_NAME = "Nibm-Events";
			};
			name = Debug;
		};
		93694298240956D000343419 /* Release */ = {
			isa = XCBuildConfiguration;
			buildSettings = {
				ALWAYS_EMBED_SWIFT_STANDARD_LIBRARIES = YES;
				CODE_SIGN_STYLE = Automatic;
				INFOPLIST_FILE = "Nibm-EventsUITests/Info.plist";
				LD_RUNPATH_SEARCH_PATHS = (
					"$(inherited)",
					"@executable_path/Frameworks",
					"@loader_path/Frameworks",
				);
				PRODUCT_BUNDLE_IDENTIFIER = "br.Nibm-EventsUITests";
				PRODUCT_NAME = "$(TARGET_NAME)";
				SWIFT_VERSION = 5.0;
				TARGETED_DEVICE_FAMILY = "1,2";
				TEST_TARGET_NAME = "Nibm-Events";
			};
			name = Release;
		};
/* End XCBuildConfiguration section */

/* Begin XCConfigurationList section */
		93694260240956CD00343419 /* Build configuration list for PBXProject "Nibm-Events" */ = {
			isa = XCConfigurationList;
			buildConfigurations = (
				9369428E240956D000343419 /* Debug */,
				9369428F240956D000343419 /* Release */,
			);
			defaultConfigurationIsVisible = 0;
			defaultConfigurationName = Release;
		};
		93694290240956D000343419 /* Build configuration list for PBXNativeTarget "Nibm-Events" */ = {
			isa = XCConfigurationList;
			buildConfigurations = (
				93694291240956D000343419 /* Debug */,
				93694292240956D000343419 /* Release */,
			);
			defaultConfigurationIsVisible = 0;
			defaultConfigurationName = Release;
		};
		93694293240956D000343419 /* Build configuration list for PBXNativeTarget "Nibm-EventsTests" */ = {
			isa = XCConfigurationList;
			buildConfigurations = (
				93694294240956D000343419 /* Debug */,
				93694295240956D000343419 /* Release */,
			);
			defaultConfigurationIsVisible = 0;
			defaultConfigurationName = Release;
		};
		93694296240956D000343419 /* Build configuration list for PBXNativeTarget "Nibm-EventsUITests" */ = {
			isa = XCConfigurationList;
			buildConfigurations = (
				93694297240956D000343419 /* Debug */,
				93694298240956D000343419 /* Release */,
			);
			defaultConfigurationIsVisible = 0;
			defaultConfigurationName = Release;
		};
/* End XCConfigurationList section */

/* Begin XCVersionGroup section */
		9369426F240956CD00343419 /* Nibm_Events.xcdatamodeld */ = {
			isa = XCVersionGroup;
			children = (
				93694270240956CD00343419 /* Nibm_Events.xcdatamodel */,
			);
			currentVersion = 93694270240956CD00343419 /* Nibm_Events.xcdatamodel */;
			path = Nibm_Events.xcdatamodeld;
			sourceTree = "<group>";
			versionGroupType = wrapper.xcdatamodel;
		};
/* End XCVersionGroup section */
	};
	rootObject = 9369425D240956CD00343419 /* Project object */;
}
